// !$*UTF8*$!
{
	archiveVersion = 1;
	classes = {
	};
	objectVersion = 46;
	objects = {

/* Begin PBXBuildFile section */
		15432D2ACA5FA1893158D1ED /* Pods_tvOS.framework in Frameworks */ = {isa = PBXBuildFile; fileRef = F36160A67D31712A06BB4C55 /* Pods_tvOS.framework */; };
		29ADE187421C18EBA39E0207 /* Pods_watchOS_App.framework in Frameworks */ = {isa = PBXBuildFile; fileRef = 1845CA34E73FA7EED17824F1 /* Pods_watchOS_App.framework */; };
		304C8D941EDCAE3800DC5B95 /* AppDelegate.swift in Sources */ = {isa = PBXBuildFile; fileRef = 304C8D931EDCAE3800DC5B95 /* AppDelegate.swift */; };
		304C8D961EDCAE3800DC5B95 /* GameViewController.swift in Sources */ = {isa = PBXBuildFile; fileRef = 304C8D951EDCAE3800DC5B95 /* GameViewController.swift */; };
		304C8D991EDCAE3800DC5B95 /* Main.storyboard in Resources */ = {isa = PBXBuildFile; fileRef = 304C8D971EDCAE3800DC5B95 /* Main.storyboard */; };
		304C8D9C1EDCAE3800DC5B95 /* LaunchScreen.storyboard in Resources */ = {isa = PBXBuildFile; fileRef = 304C8D9A1EDCAE3800DC5B95 /* LaunchScreen.storyboard */; };
		304C8DA11EDCAE3800DC5B95 /* Monsters.app in Embed Watch Content */ = {isa = PBXBuildFile; fileRef = 304C8DA01EDCAE3800DC5B95 /* Monsters.app */; };
		304C8DA71EDCAE3800DC5B95 /* Interface.storyboard in Resources */ = {isa = PBXBuildFile; fileRef = 304C8DA51EDCAE3800DC5B95 /* Interface.storyboard */; };
		304C8DAE1EDCAE3800DC5B95 /* Monsters Extension.appex in Embed App Extensions */ = {isa = PBXBuildFile; fileRef = 304C8DAD1EDCAE3800DC5B95 /* Monsters Extension.appex */; settings = {ATTRIBUTES = (RemoveHeadersOnCopy, ); }; };
		304C8DB31EDCAE3800DC5B95 /* InterfaceController.swift in Sources */ = {isa = PBXBuildFile; fileRef = 304C8DB21EDCAE3800DC5B95 /* InterfaceController.swift */; };
		304C8DB51EDCAE3800DC5B95 /* ExtensionDelegate.swift in Sources */ = {isa = PBXBuildFile; fileRef = 304C8DB41EDCAE3800DC5B95 /* ExtensionDelegate.swift */; };
		304C8DBE1EDCAE3800DC5B95 /* AppDelegate.swift in Sources */ = {isa = PBXBuildFile; fileRef = 304C8DBD1EDCAE3800DC5B95 /* AppDelegate.swift */; };
		304C8DC01EDCAE3800DC5B95 /* GameViewController.swift in Sources */ = {isa = PBXBuildFile; fileRef = 304C8DBF1EDCAE3800DC5B95 /* GameViewController.swift */; };
		304C8DC31EDCAE3800DC5B95 /* Main.storyboard in Resources */ = {isa = PBXBuildFile; fileRef = 304C8DC11EDCAE3800DC5B95 /* Main.storyboard */; };
		304C8DCC1EDCAE3800DC5B95 /* AppDelegate.swift in Sources */ = {isa = PBXBuildFile; fileRef = 304C8DCB1EDCAE3800DC5B95 /* AppDelegate.swift */; };
		304C8DCE1EDCAE3800DC5B95 /* GameViewController.swift in Sources */ = {isa = PBXBuildFile; fileRef = 304C8DCD1EDCAE3800DC5B95 /* GameViewController.swift */; };
		304C8DD11EDCAE3800DC5B95 /* Main.storyboard in Resources */ = {isa = PBXBuildFile; fileRef = 304C8DCF1EDCAE3800DC5B95 /* Main.storyboard */; };
		304C8DD31EDCAE3800DC5B95 /* Actions.sks in Resources */ = {isa = PBXBuildFile; fileRef = 304C8D881EDCAE3800DC5B95 /* Actions.sks */; };
		304C8DD41EDCAE3800DC5B95 /* Actions.sks in Resources */ = {isa = PBXBuildFile; fileRef = 304C8D881EDCAE3800DC5B95 /* Actions.sks */; };
		304C8DD51EDCAE3800DC5B95 /* Actions.sks in Resources */ = {isa = PBXBuildFile; fileRef = 304C8D881EDCAE3800DC5B95 /* Actions.sks */; };
		304C8DD61EDCAE3800DC5B95 /* GameScene.sks in Resources */ = {isa = PBXBuildFile; fileRef = 304C8D891EDCAE3800DC5B95 /* GameScene.sks */; };
		304C8DD71EDCAE3800DC5B95 /* GameScene.sks in Resources */ = {isa = PBXBuildFile; fileRef = 304C8D891EDCAE3800DC5B95 /* GameScene.sks */; };
		304C8DD81EDCAE3800DC5B95 /* GameScene.sks in Resources */ = {isa = PBXBuildFile; fileRef = 304C8D891EDCAE3800DC5B95 /* GameScene.sks */; };
		304C8DD91EDCAE3800DC5B95 /* GameScene.sks in Resources */ = {isa = PBXBuildFile; fileRef = 304C8D891EDCAE3800DC5B95 /* GameScene.sks */; };
		304C8DDA1EDCAE3800DC5B95 /* GameScene.swift in Sources */ = {isa = PBXBuildFile; fileRef = 304C8D8A1EDCAE3800DC5B95 /* GameScene.swift */; };
		304C8DDB1EDCAE3800DC5B95 /* GameScene.swift in Sources */ = {isa = PBXBuildFile; fileRef = 304C8D8A1EDCAE3800DC5B95 /* GameScene.swift */; };
		304C8DDC1EDCAE3800DC5B95 /* GameScene.swift in Sources */ = {isa = PBXBuildFile; fileRef = 304C8D8A1EDCAE3800DC5B95 /* GameScene.swift */; };
		304C8DDD1EDCAE3800DC5B95 /* GameScene.swift in Sources */ = {isa = PBXBuildFile; fileRef = 304C8D8A1EDCAE3800DC5B95 /* GameScene.swift */; };
		304C8DDE1EDCAE3800DC5B95 /* Assets.xcassets in Resources */ = {isa = PBXBuildFile; fileRef = 304C8D8B1EDCAE3800DC5B95 /* Assets.xcassets */; };
		304C8DDF1EDCAE3800DC5B95 /* Assets.xcassets in Resources */ = {isa = PBXBuildFile; fileRef = 304C8D8B1EDCAE3800DC5B95 /* Assets.xcassets */; };
		304C8DE01EDCAE3800DC5B95 /* Assets.xcassets in Resources */ = {isa = PBXBuildFile; fileRef = 304C8D8B1EDCAE3800DC5B95 /* Assets.xcassets */; };
		304C8DE11EDCAE3800DC5B95 /* Assets.xcassets in Resources */ = {isa = PBXBuildFile; fileRef = 304C8D8B1EDCAE3800DC5B95 /* Assets.xcassets */; };
		44C8BE2722F805CDF74DFAFA /* Pods_iOS.framework in Frameworks */ = {isa = PBXBuildFile; fileRef = BB869B9CFCBCCFA1C83B8875 /* Pods_iOS.framework */; };
		AEB1B44D8E436FABABDE6D54 /* Pods_macOS.framework in Frameworks */ = {isa = PBXBuildFile; fileRef = 47F50FF38062C17FA4C262AB /* Pods_macOS.framework */; };
		CA175FABE536FD210FF2CEAA /* Pods_watchOS_Extension.framework in Frameworks */ = {isa = PBXBuildFile; fileRef = 1049ACAE2FC5AD600C563F05 /* Pods_watchOS_Extension.framework */; };
/* End PBXBuildFile section */

/* Begin PBXContainerItemProxy section */
		304C8DA21EDCAE3800DC5B95 /* PBXContainerItemProxy */ = {
			isa = PBXContainerItemProxy;
			containerPortal = 304C8D831EDCAE3800DC5B95 /* Project object */;
			proxyType = 1;
			remoteGlobalIDString = 304C8D9F1EDCAE3800DC5B95;
			remoteInfo = "watchOS App";
		};
		304C8DAF1EDCAE3800DC5B95 /* PBXContainerItemProxy */ = {
			isa = PBXContainerItemProxy;
			containerPortal = 304C8D831EDCAE3800DC5B95 /* Project object */;
			proxyType = 1;
			remoteGlobalIDString = 304C8DAC1EDCAE3800DC5B95;
			remoteInfo = "watchOS Extension";
		};
/* End PBXContainerItemProxy section */

/* Begin PBXCopyFilesBuildPhase section */
		304C8DE71EDCAE3800DC5B95 /* Embed App Extensions */ = {
			isa = PBXCopyFilesBuildPhase;
			buildActionMask = 2147483647;
			dstPath = "";
			dstSubfolderSpec = 13;
			files = (
				304C8DAE1EDCAE3800DC5B95 /* Monsters Extension.appex in Embed App Extensions */,
			);
			name = "Embed App Extensions";
			runOnlyForDeploymentPostprocessing = 0;
		};
		304C8DEB1EDCAE3800DC5B95 /* Embed Watch Content */ = {
			isa = PBXCopyFilesBuildPhase;
			buildActionMask = 2147483647;
			dstPath = "$(CONTENTS_FOLDER_PATH)/Watch";
			dstSubfolderSpec = 16;
			files = (
				304C8DA11EDCAE3800DC5B95 /* Monsters.app in Embed Watch Content */,
			);
			name = "Embed Watch Content";
			runOnlyForDeploymentPostprocessing = 0;
		};
/* End PBXCopyFilesBuildPhase section */

/* Begin PBXFileReference section */
		1049ACAE2FC5AD600C563F05 /* Pods_watchOS_Extension.framework */ = {isa = PBXFileReference; explicitFileType = wrapper.framework; includeInIndex = 0; path = Pods_watchOS_Extension.framework; sourceTree = BUILT_PRODUCTS_DIR; };
		1845CA34E73FA7EED17824F1 /* Pods_watchOS_App.framework */ = {isa = PBXFileReference; explicitFileType = wrapper.framework; includeInIndex = 0; path = Pods_watchOS_App.framework; sourceTree = BUILT_PRODUCTS_DIR; };
		1D02A110B61345F63CC563A5 /* Pods-macOS.debug.xcconfig */ = {isa = PBXFileReference; includeInIndex = 1; lastKnownFileType = text.xcconfig; name = "Pods-macOS.debug.xcconfig"; path = "Pods/Target Support Files/Pods-macOS/Pods-macOS.debug.xcconfig"; sourceTree = "<group>"; };
		1FAEF3DE1353517E905509F4 /* Pods-tvOS.debug.xcconfig */ = {isa = PBXFileReference; includeInIndex = 1; lastKnownFileType = text.xcconfig; name = "Pods-tvOS.debug.xcconfig"; path = "Pods/Target Support Files/Pods-tvOS/Pods-tvOS.debug.xcconfig"; sourceTree = "<group>"; };
		304C8D881EDCAE3800DC5B95 /* Actions.sks */ = {isa = PBXFileReference; lastKnownFileType = file.sks; path = Actions.sks; sourceTree = "<group>"; };
		304C8D891EDCAE3800DC5B95 /* GameScene.sks */ = {isa = PBXFileReference; lastKnownFileType = file.sks; path = GameScene.sks; sourceTree = "<group>"; };
		304C8D8A1EDCAE3800DC5B95 /* GameScene.swift */ = {isa = PBXFileReference; lastKnownFileType = sourcecode.swift; path = GameScene.swift; sourceTree = "<group>"; };
		304C8D8B1EDCAE3800DC5B95 /* Assets.xcassets */ = {isa = PBXFileReference; lastKnownFileType = folder.assetcatalog; path = Assets.xcassets; sourceTree = "<group>"; };
		304C8D901EDCAE3800DC5B95 /* Monsters.app */ = {isa = PBXFileReference; explicitFileType = wrapper.application; includeInIndex = 0; path = Monsters.app; sourceTree = BUILT_PRODUCTS_DIR; };
		304C8D931EDCAE3800DC5B95 /* AppDelegate.swift */ = {isa = PBXFileReference; lastKnownFileType = sourcecode.swift; path = AppDelegate.swift; sourceTree = "<group>"; };
		304C8D951EDCAE3800DC5B95 /* GameViewController.swift */ = {isa = PBXFileReference; lastKnownFileType = sourcecode.swift; path = GameViewController.swift; sourceTree = "<group>"; };
		304C8D981EDCAE3800DC5B95 /* Base */ = {isa = PBXFileReference; lastKnownFileType = file.storyboard; name = Base; path = Base.lproj/Main.storyboard; sourceTree = "<group>"; };
		304C8D9B1EDCAE3800DC5B95 /* Base */ = {isa = PBXFileReference; lastKnownFileType = file.storyboard; name = Base; path = Base.lproj/LaunchScreen.storyboard; sourceTree = "<group>"; };
		304C8D9D1EDCAE3800DC5B95 /* Info.plist */ = {isa = PBXFileReference; lastKnownFileType = text.plist.xml; path = Info.plist; sourceTree = "<group>"; };
		304C8DA01EDCAE3800DC5B95 /* Monsters.app */ = {isa = PBXFileReference; explicitFileType = wrapper.application; includeInIndex = 0; path = Monsters.app; sourceTree = BUILT_PRODUCTS_DIR; };
		304C8DA61EDCAE3800DC5B95 /* Base */ = {isa = PBXFileReference; lastKnownFileType = file.storyboard; name = Base; path = Base.lproj/Interface.storyboard; sourceTree = "<group>"; };
		304C8DA81EDCAE3800DC5B95 /* Info.plist */ = {isa = PBXFileReference; lastKnownFileType = text.plist.xml; path = Info.plist; sourceTree = "<group>"; };
		304C8DAD1EDCAE3800DC5B95 /* Monsters Extension.appex */ = {isa = PBXFileReference; explicitFileType = "wrapper.app-extension"; includeInIndex = 0; path = "Monsters Extension.appex"; sourceTree = BUILT_PRODUCTS_DIR; };
		304C8DB21EDCAE3800DC5B95 /* InterfaceController.swift */ = {isa = PBXFileReference; lastKnownFileType = sourcecode.swift; path = InterfaceController.swift; sourceTree = "<group>"; };
		304C8DB41EDCAE3800DC5B95 /* ExtensionDelegate.swift */ = {isa = PBXFileReference; lastKnownFileType = sourcecode.swift; path = ExtensionDelegate.swift; sourceTree = "<group>"; };
		304C8DB61EDCAE3800DC5B95 /* Info.plist */ = {isa = PBXFileReference; lastKnownFileType = text.plist.xml; path = Info.plist; sourceTree = "<group>"; };
		304C8DBB1EDCAE3800DC5B95 /* Monsters.app */ = {isa = PBXFileReference; explicitFileType = wrapper.application; includeInIndex = 0; path = Monsters.app; sourceTree = BUILT_PRODUCTS_DIR; };
		304C8DBD1EDCAE3800DC5B95 /* AppDelegate.swift */ = {isa = PBXFileReference; lastKnownFileType = sourcecode.swift; path = AppDelegate.swift; sourceTree = "<group>"; };
		304C8DBF1EDCAE3800DC5B95 /* GameViewController.swift */ = {isa = PBXFileReference; lastKnownFileType = sourcecode.swift; path = GameViewController.swift; sourceTree = "<group>"; };
		304C8DC21EDCAE3800DC5B95 /* Base */ = {isa = PBXFileReference; lastKnownFileType = file.storyboard; name = Base; path = Base.lproj/Main.storyboard; sourceTree = "<group>"; };
		304C8DC41EDCAE3800DC5B95 /* Info.plist */ = {isa = PBXFileReference; lastKnownFileType = text.plist.xml; path = Info.plist; sourceTree = "<group>"; };
		304C8DC91EDCAE3800DC5B95 /* Monsters.app */ = {isa = PBXFileReference; explicitFileType = wrapper.application; includeInIndex = 0; path = Monsters.app; sourceTree = BUILT_PRODUCTS_DIR; };
		304C8DCB1EDCAE3800DC5B95 /* AppDelegate.swift */ = {isa = PBXFileReference; lastKnownFileType = sourcecode.swift; path = AppDelegate.swift; sourceTree = "<group>"; };
		304C8DCD1EDCAE3800DC5B95 /* GameViewController.swift */ = {isa = PBXFileReference; lastKnownFileType = sourcecode.swift; path = GameViewController.swift; sourceTree = "<group>"; };
		304C8DD01EDCAE3800DC5B95 /* Base */ = {isa = PBXFileReference; lastKnownFileType = file.storyboard; name = Base; path = Base.lproj/Main.storyboard; sourceTree = "<group>"; };
		304C8DD21EDCAE3800DC5B95 /* Info.plist */ = {isa = PBXFileReference; lastKnownFileType = text.plist.xml; path = Info.plist; sourceTree = "<group>"; };
		47F50FF38062C17FA4C262AB /* Pods_macOS.framework */ = {isa = PBXFileReference; explicitFileType = wrapper.framework; includeInIndex = 0; path = Pods_macOS.framework; sourceTree = BUILT_PRODUCTS_DIR; };
		4EA250C392520216DB035431 /* Pods-iOS.release.xcconfig */ = {isa = PBXFileReference; includeInIndex = 1; lastKnownFileType = text.xcconfig; name = "Pods-iOS.release.xcconfig"; path = "Pods/Target Support Files/Pods-iOS/Pods-iOS.release.xcconfig"; sourceTree = "<group>"; };
		56F2383B2E2D307DADE0B87F /* Pods-watchOS Extension.debug.xcconfig */ = {isa = PBXFileReference; includeInIndex = 1; lastKnownFileType = text.xcconfig; name = "Pods-watchOS Extension.debug.xcconfig"; path = "Pods/Target Support Files/Pods-watchOS Extension/Pods-watchOS Extension.debug.xcconfig"; sourceTree = "<group>"; };
		5DBAA9625B5E565805D5EBA0 /* Pods-macOS.release.xcconfig */ = {isa = PBXFileReference; includeInIndex = 1; lastKnownFileType = text.xcconfig; name = "Pods-macOS.release.xcconfig"; path = "Pods/Target Support Files/Pods-macOS/Pods-macOS.release.xcconfig"; sourceTree = "<group>"; };
		6D3EC480F40CAB2D2C5211F9 /* Pods-tvOS.release.xcconfig */ = {isa = PBXFileReference; includeInIndex = 1; lastKnownFileType = text.xcconfig; name = "Pods-tvOS.release.xcconfig"; path = "Pods/Target Support Files/Pods-tvOS/Pods-tvOS.release.xcconfig"; sourceTree = "<group>"; };
		8CE72231B43A5233B47B019A /* Pods-iOS.debug.xcconfig */ = {isa = PBXFileReference; includeInIndex = 1; lastKnownFileType = text.xcconfig; name = "Pods-iOS.debug.xcconfig"; path = "Pods/Target Support Files/Pods-iOS/Pods-iOS.debug.xcconfig"; sourceTree = "<group>"; };
		9FB1CB94FDDF16FB88FC2C9C /* Pods-watchOS App.debug.xcconfig */ = {isa = PBXFileReference; includeInIndex = 1; lastKnownFileType = text.xcconfig; name = "Pods-watchOS App.debug.xcconfig"; path = "Pods/Target Support Files/Pods-watchOS App/Pods-watchOS App.debug.xcconfig"; sourceTree = "<group>"; };
		BB869B9CFCBCCFA1C83B8875 /* Pods_iOS.framework */ = {isa = PBXFileReference; explicitFileType = wrapper.framework; includeInIndex = 0; path = Pods_iOS.framework; sourceTree = BUILT_PRODUCTS_DIR; };
		BDEF62A3118BBD97E76A40D9 /* Pods-watchOS Extension.release.xcconfig */ = {isa = PBXFileReference; includeInIndex = 1; lastKnownFileType = text.xcconfig; name = "Pods-watchOS Extension.release.xcconfig"; path = "Pods/Target Support Files/Pods-watchOS Extension/Pods-watchOS Extension.release.xcconfig"; sourceTree = "<group>"; };
		CF6E953FF018C708234B7914 /* Pods-watchOS App.release.xcconfig */ = {isa = PBXFileReference; includeInIndex = 1; lastKnownFileType = text.xcconfig; name = "Pods-watchOS App.release.xcconfig"; path = "Pods/Target Support Files/Pods-watchOS App/Pods-watchOS App.release.xcconfig"; sourceTree = "<group>"; };
		F36160A67D31712A06BB4C55 /* Pods_tvOS.framework */ = {isa = PBXFileReference; explicitFileType = wrapper.framework; includeInIndex = 0; path = Pods_tvOS.framework; sourceTree = BUILT_PRODUCTS_DIR; };
/* End PBXFileReference section */

/* Begin PBXFrameworksBuildPhase section */
		12D5E5081DC2BBB05E12F2FF /* Frameworks */ = {
			isa = PBXFrameworksBuildPhase;
			buildActionMask = 2147483647;
			files = (
				29ADE187421C18EBA39E0207 /* Pods_watchOS_App.framework in Frameworks */,
			);
			runOnlyForDeploymentPostprocessing = 0;
		};
		304C8D8D1EDCAE3800DC5B95 /* Frameworks */ = {
			isa = PBXFrameworksBuildPhase;
			buildActionMask = 2147483647;
			files = (
				44C8BE2722F805CDF74DFAFA /* Pods_iOS.framework in Frameworks */,
			);
			runOnlyForDeploymentPostprocessing = 0;
		};
		304C8DAA1EDCAE3800DC5B95 /* Frameworks */ = {
			isa = PBXFrameworksBuildPhase;
			buildActionMask = 2147483647;
			files = (
				CA175FABE536FD210FF2CEAA /* Pods_watchOS_Extension.framework in Frameworks */,
			);
			runOnlyForDeploymentPostprocessing = 0;
		};
		304C8DB81EDCAE3800DC5B95 /* Frameworks */ = {
			isa = PBXFrameworksBuildPhase;
			buildActionMask = 2147483647;
			files = (
				15432D2ACA5FA1893158D1ED /* Pods_tvOS.framework in Frameworks */,
			);
			runOnlyForDeploymentPostprocessing = 0;
		};
		304C8DC61EDCAE3800DC5B95 /* Frameworks */ = {
			isa = PBXFrameworksBuildPhase;
			buildActionMask = 2147483647;
			files = (
				AEB1B44D8E436FABABDE6D54 /* Pods_macOS.framework in Frameworks */,
			);
			runOnlyForDeploymentPostprocessing = 0;
		};
/* End PBXFrameworksBuildPhase section */

/* Begin PBXGroup section */
		2F8D17BFB55C732DEF9FAECE /* Pods */ = {
			isa = PBXGroup;
			children = (
				8CE72231B43A5233B47B019A /* Pods-iOS.debug.xcconfig */,
				4EA250C392520216DB035431 /* Pods-iOS.release.xcconfig */,
				1D02A110B61345F63CC563A5 /* Pods-macOS.debug.xcconfig */,
				5DBAA9625B5E565805D5EBA0 /* Pods-macOS.release.xcconfig */,
				1FAEF3DE1353517E905509F4 /* Pods-tvOS.debug.xcconfig */,
				6D3EC480F40CAB2D2C5211F9 /* Pods-tvOS.release.xcconfig */,
				9FB1CB94FDDF16FB88FC2C9C /* Pods-watchOS App.debug.xcconfig */,
				CF6E953FF018C708234B7914 /* Pods-watchOS App.release.xcconfig */,
				56F2383B2E2D307DADE0B87F /* Pods-watchOS Extension.debug.xcconfig */,
				BDEF62A3118BBD97E76A40D9 /* Pods-watchOS Extension.release.xcconfig */,
			);
			name = Pods;
			sourceTree = "<group>";
		};
		304C8D821EDCAE3800DC5B95 = {
			isa = PBXGroup;
			children = (
				304C8D871EDCAE3800DC5B95 /* Shared */,
				304C8D921EDCAE3800DC5B95 /* iOS */,
				304C8DA41EDCAE3800DC5B95 /* watchOS App */,
				304C8DB11EDCAE3800DC5B95 /* watchOS Extension */,
				304C8DBC1EDCAE3800DC5B95 /* tvOS */,
				304C8DCA1EDCAE3800DC5B95 /* macOS */,
				304C8D911EDCAE3800DC5B95 /* Products */,
				2F8D17BFB55C732DEF9FAECE /* Pods */,
				9640B1D0FDEAEA31788D5773 /* Frameworks */,
			);
			sourceTree = "<group>";
		};
		304C8D871EDCAE3800DC5B95 /* Shared */ = {
			isa = PBXGroup;
			children = (
				304C8D881EDCAE3800DC5B95 /* Actions.sks */,
				304C8D891EDCAE3800DC5B95 /* GameScene.sks */,
				304C8D8A1EDCAE3800DC5B95 /* GameScene.swift */,
				304C8D8B1EDCAE3800DC5B95 /* Assets.xcassets */,
			);
			path = Shared;
			sourceTree = "<group>";
		};
		304C8D911EDCAE3800DC5B95 /* Products */ = {
			isa = PBXGroup;
			children = (
				304C8D901EDCAE3800DC5B95 /* Monsters.app */,
				304C8DA01EDCAE3800DC5B95 /* Monsters.app */,
				304C8DAD1EDCAE3800DC5B95 /* Monsters Extension.appex */,
				304C8DBB1EDCAE3800DC5B95 /* Monsters.app */,
				304C8DC91EDCAE3800DC5B95 /* Monsters.app */,
			);
			name = Products;
			sourceTree = "<group>";
		};
		304C8D921EDCAE3800DC5B95 /* iOS */ = {
			isa = PBXGroup;
			children = (
				304C8D931EDCAE3800DC5B95 /* AppDelegate.swift */,
				304C8D951EDCAE3800DC5B95 /* GameViewController.swift */,
				304C8D971EDCAE3800DC5B95 /* Main.storyboard */,
				304C8D9A1EDCAE3800DC5B95 /* LaunchScreen.storyboard */,
				304C8D9D1EDCAE3800DC5B95 /* Info.plist */,
			);
			path = iOS;
			sourceTree = "<group>";
		};
		304C8DA41EDCAE3800DC5B95 /* watchOS App */ = {
			isa = PBXGroup;
			children = (
				304C8DA51EDCAE3800DC5B95 /* Interface.storyboard */,
				304C8DA81EDCAE3800DC5B95 /* Info.plist */,
			);
			path = "watchOS App";
			sourceTree = "<group>";
		};
		304C8DB11EDCAE3800DC5B95 /* watchOS Extension */ = {
			isa = PBXGroup;
			children = (
				304C8DB21EDCAE3800DC5B95 /* InterfaceController.swift */,
				304C8DB41EDCAE3800DC5B95 /* ExtensionDelegate.swift */,
				304C8DB61EDCAE3800DC5B95 /* Info.plist */,
			);
			path = "watchOS Extension";
			sourceTree = "<group>";
		};
		304C8DBC1EDCAE3800DC5B95 /* tvOS */ = {
			isa = PBXGroup;
			children = (
				304C8DBD1EDCAE3800DC5B95 /* AppDelegate.swift */,
				304C8DBF1EDCAE3800DC5B95 /* GameViewController.swift */,
				304C8DC11EDCAE3800DC5B95 /* Main.storyboard */,
				304C8DC41EDCAE3800DC5B95 /* Info.plist */,
			);
			path = tvOS;
			sourceTree = "<group>";
		};
		304C8DCA1EDCAE3800DC5B95 /* macOS */ = {
			isa = PBXGroup;
			children = (
				304C8DCB1EDCAE3800DC5B95 /* AppDelegate.swift */,
				304C8DCD1EDCAE3800DC5B95 /* GameViewController.swift */,
				304C8DCF1EDCAE3800DC5B95 /* Main.storyboard */,
				304C8DD21EDCAE3800DC5B95 /* Info.plist */,
			);
			path = macOS;
			sourceTree = "<group>";
		};
		9640B1D0FDEAEA31788D5773 /* Frameworks */ = {
			isa = PBXGroup;
			children = (
				BB869B9CFCBCCFA1C83B8875 /* Pods_iOS.framework */,
				47F50FF38062C17FA4C262AB /* Pods_macOS.framework */,
				F36160A67D31712A06BB4C55 /* Pods_tvOS.framework */,
				1845CA34E73FA7EED17824F1 /* Pods_watchOS_App.framework */,
				1049ACAE2FC5AD600C563F05 /* Pods_watchOS_Extension.framework */,
			);
			name = Frameworks;
			sourceTree = "<group>";
		};
/* End PBXGroup section */

/* Begin PBXNativeTarget section */
		304C8D8F1EDCAE3800DC5B95 /* iOS */ = {
			isa = PBXNativeTarget;
			buildConfigurationList = 304C8DEC1EDCAE3800DC5B95 /* Build configuration list for PBXNativeTarget "iOS" */;
			buildPhases = (
				D82688B54AA49FE6E603FDB5 /* [CP] Check Pods Manifest.lock */,
				304C8D8C1EDCAE3800DC5B95 /* Sources */,
				304C8D8D1EDCAE3800DC5B95 /* Frameworks */,
				304C8D8E1EDCAE3800DC5B95 /* Resources */,
				304C8DEB1EDCAE3800DC5B95 /* Embed Watch Content */,
				0D19EB5C2A7C17571C7F5427 /* [CP] Embed Pods Frameworks */,
				BDD18AD7AA4FE37C7492752F /* [CP] Copy Pods Resources */,
			);
			buildRules = (
			);
			dependencies = (
				304C8DA31EDCAE3800DC5B95 /* PBXTargetDependency */,
			);
			name = iOS;
			productName = iOS;
			productReference = 304C8D901EDCAE3800DC5B95 /* Monsters.app */;
			productType = "com.apple.product-type.application";
		};
		304C8D9F1EDCAE3800DC5B95 /* watchOS App */ = {
			isa = PBXNativeTarget;
			buildConfigurationList = 304C8DE81EDCAE3800DC5B95 /* Build configuration list for PBXNativeTarget "watchOS App" */;
			buildPhases = (
				3B9528003BB3B6471E874123 /* [CP] Check Pods Manifest.lock */,
				304C8D9E1EDCAE3800DC5B95 /* Resources */,
				304C8DE71EDCAE3800DC5B95 /* Embed App Extensions */,
				12D5E5081DC2BBB05E12F2FF /* Frameworks */,
				332BDF37C749DC8D3702F64B /* [CP] Copy Pods Resources */,
			);
			buildRules = (
			);
			dependencies = (
				304C8DB01EDCAE3800DC5B95 /* PBXTargetDependency */,
			);
			name = "watchOS App";
			productName = "watchOS App";
			productReference = 304C8DA01EDCAE3800DC5B95 /* Monsters.app */;
			productType = "com.apple.product-type.application.watchapp2";
		};
		304C8DAC1EDCAE3800DC5B95 /* watchOS Extension */ = {
			isa = PBXNativeTarget;
			buildConfigurationList = 304C8DE41EDCAE3800DC5B95 /* Build configuration list for PBXNativeTarget "watchOS Extension" */;
			buildPhases = (
				5C5E3977E510EE6A978A1148 /* [CP] Check Pods Manifest.lock */,
				304C8DA91EDCAE3800DC5B95 /* Sources */,
				304C8DAA1EDCAE3800DC5B95 /* Frameworks */,
				304C8DAB1EDCAE3800DC5B95 /* Resources */,
				C04E1EAC598F1421B92A5E56 /* [CP] Embed Pods Frameworks */,
				4152B4C3DCAA1C057A3212A0 /* [CP] Copy Pods Resources */,
			);
			buildRules = (
			);
			dependencies = (
			);
			name = "watchOS Extension";
			productName = "watchOS Extension";
			productReference = 304C8DAD1EDCAE3800DC5B95 /* Monsters Extension.appex */;
			productType = "com.apple.product-type.watchkit2-extension";
		};
		304C8DBA1EDCAE3800DC5B95 /* tvOS */ = {
			isa = PBXNativeTarget;
			buildConfigurationList = 304C8DEF1EDCAE3800DC5B95 /* Build configuration list for PBXNativeTarget "tvOS" */;
			buildPhases = (
				4FD4BB7F009CFBF82E905241 /* [CP] Check Pods Manifest.lock */,
				304C8DB71EDCAE3800DC5B95 /* Sources */,
				304C8DB81EDCAE3800DC5B95 /* Frameworks */,
				304C8DB91EDCAE3800DC5B95 /* Resources */,
				7D4A526B2BECE8CD12D45747 /* [CP] Embed Pods Frameworks */,
				D4735BE2B75F3A437EA29DA1 /* [CP] Copy Pods Resources */,
			);
			buildRules = (
			);
			dependencies = (
			);
			name = tvOS;
			productName = tvOS;
			productReference = 304C8DBB1EDCAE3800DC5B95 /* Monsters.app */;
			productType = "com.apple.product-type.application";
		};
		304C8DC81EDCAE3800DC5B95 /* macOS */ = {
			isa = PBXNativeTarget;
			buildConfigurationList = 304C8DF21EDCAE3800DC5B95 /* Build configuration list for PBXNativeTarget "macOS" */;
			buildPhases = (
				1FCED08BDBC32AFC587BA053 /* [CP] Check Pods Manifest.lock */,
				304C8DC51EDCAE3800DC5B95 /* Sources */,
				304C8DC61EDCAE3800DC5B95 /* Frameworks */,
				304C8DC71EDCAE3800DC5B95 /* Resources */,
				8CD0AD14FE880DE054D7DA2F /* [CP] Embed Pods Frameworks */,
				4D9E0E2558174CF94531B9E8 /* [CP] Copy Pods Resources */,
			);
			buildRules = (
			);
			dependencies = (
			);
			name = macOS;
			productName = macOS;
			productReference = 304C8DC91EDCAE3800DC5B95 /* Monsters.app */;
			productType = "com.apple.product-type.application";
		};
/* End PBXNativeTarget section */

/* Begin PBXProject section */
		304C8D831EDCAE3800DC5B95 /* Project object */ = {
			isa = PBXProject;
			attributes = {
				LastSwiftUpdateCheck = 0830;
				LastUpgradeCheck = 0830;
				ORGANIZATIONNAME = "Eric Cancil";
				TargetAttributes = {
					304C8D8F1EDCAE3800DC5B95 = {
						CreatedOnToolsVersion = 8.3.2;
						ProvisioningStyle = Automatic;
					};
					304C8D9F1EDCAE3800DC5B95 = {
						CreatedOnToolsVersion = 8.3.2;
						ProvisioningStyle = Automatic;
					};
					304C8DAC1EDCAE3800DC5B95 = {
						CreatedOnToolsVersion = 8.3.2;
						ProvisioningStyle = Automatic;
					};
					304C8DBA1EDCAE3800DC5B95 = {
						CreatedOnToolsVersion = 8.3.2;
						ProvisioningStyle = Automatic;
					};
					304C8DC81EDCAE3800DC5B95 = {
						CreatedOnToolsVersion = 8.3.2;
						ProvisioningStyle = Automatic;
					};
				};
			};
			buildConfigurationList = 304C8D861EDCAE3800DC5B95 /* Build configuration list for PBXProject "Monsters" */;
			compatibilityVersion = "Xcode 3.2";
			developmentRegion = English;
			hasScannedForEncodings = 0;
			knownRegions = (
				en,
				Base,
			);
			mainGroup = 304C8D821EDCAE3800DC5B95;
			productRefGroup = 304C8D911EDCAE3800DC5B95 /* Products */;
			projectDirPath = "";
			projectRoot = "";
			targets = (
				304C8D8F1EDCAE3800DC5B95 /* iOS */,
				304C8D9F1EDCAE3800DC5B95 /* watchOS App */,
				304C8DAC1EDCAE3800DC5B95 /* watchOS Extension */,
				304C8DBA1EDCAE3800DC5B95 /* tvOS */,
				304C8DC81EDCAE3800DC5B95 /* macOS */,
			);
		};
/* End PBXProject section */

/* Begin PBXResourcesBuildPhase section */
		304C8D8E1EDCAE3800DC5B95 /* Resources */ = {
			isa = PBXResourcesBuildPhase;
			buildActionMask = 2147483647;
			files = (
				304C8DD61EDCAE3800DC5B95 /* GameScene.sks in Resources */,
				304C8D991EDCAE3800DC5B95 /* Main.storyboard in Resources */,
				304C8DD31EDCAE3800DC5B95 /* Actions.sks in Resources */,
				304C8D9C1EDCAE3800DC5B95 /* LaunchScreen.storyboard in Resources */,
				304C8DDE1EDCAE3800DC5B95 /* Assets.xcassets in Resources */,
			);
			runOnlyForDeploymentPostprocessing = 0;
		};
		304C8D9E1EDCAE3800DC5B95 /* Resources */ = {
			isa = PBXResourcesBuildPhase;
			buildActionMask = 2147483647;
			files = (
				304C8DDF1EDCAE3800DC5B95 /* Assets.xcassets in Resources */,
				304C8DA71EDCAE3800DC5B95 /* Interface.storyboard in Resources */,
			);
			runOnlyForDeploymentPostprocessing = 0;
		};
		304C8DAB1EDCAE3800DC5B95 /* Resources */ = {
			isa = PBXResourcesBuildPhase;
			buildActionMask = 2147483647;
			files = (
				304C8DD71EDCAE3800DC5B95 /* GameScene.sks in Resources */,
			);
			runOnlyForDeploymentPostprocessing = 0;
		};
		304C8DB91EDCAE3800DC5B95 /* Resources */ = {
			isa = PBXResourcesBuildPhase;
			buildActionMask = 2147483647;
			files = (
				304C8DC31EDCAE3800DC5B95 /* Main.storyboard in Resources */,
				304C8DD81EDCAE3800DC5B95 /* GameScene.sks in Resources */,
				304C8DE01EDCAE3800DC5B95 /* Assets.xcassets in Resources */,
				304C8DD41EDCAE3800DC5B95 /* Actions.sks in Resources */,
			);
			runOnlyForDeploymentPostprocessing = 0;
		};
		304C8DC71EDCAE3800DC5B95 /* Resources */ = {
			isa = PBXResourcesBuildPhase;
			buildActionMask = 2147483647;
			files = (
				304C8DD11EDCAE3800DC5B95 /* Main.storyboard in Resources */,
				304C8DD91EDCAE3800DC5B95 /* GameScene.sks in Resources */,
				304C8DE11EDCAE3800DC5B95 /* Assets.xcassets in Resources */,
				304C8DD51EDCAE3800DC5B95 /* Actions.sks in Resources */,
			);
			runOnlyForDeploymentPostprocessing = 0;
		};
/* End PBXResourcesBuildPhase section */

/* Begin PBXShellScriptBuildPhase section */
		0D19EB5C2A7C17571C7F5427 /* [CP] Embed Pods Frameworks */ = {
			isa = PBXShellScriptBuildPhase;
			buildActionMask = 2147483647;
			files = (
			);
			inputPaths = (
			);
			name = "[CP] Embed Pods Frameworks";
			outputPaths = (
			);
			runOnlyForDeploymentPostprocessing = 0;
			shellPath = /bin/sh;
			shellScript = "\"${SRCROOT}/Pods/Target Support Files/Pods-iOS/Pods-iOS-frameworks.sh\"\n";
			showEnvVarsInLog = 0;
		};
		1FCED08BDBC32AFC587BA053 /* [CP] Check Pods Manifest.lock */ = {
			isa = PBXShellScriptBuildPhase;
			buildActionMask = 2147483647;
			files = (
			);
			inputPaths = (
			);
			name = "[CP] Check Pods Manifest.lock";
			outputPaths = (
			);
			runOnlyForDeploymentPostprocessing = 0;
			shellPath = /bin/sh;
			shellScript = "diff \"${PODS_PODFILE_DIR_PATH}/Podfile.lock\" \"${PODS_ROOT}/Manifest.lock\" > /dev/null\nif [ $? != 0 ] ; then\n    # print error to STDERR\n    echo \"error: The sandbox is not in sync with the Podfile.lock. Run 'pod install' or update your CocoaPods installation.\" >&2\n    exit 1\nfi\n";
			showEnvVarsInLog = 0;
		};
		332BDF37C749DC8D3702F64B /* [CP] Copy Pods Resources */ = {
			isa = PBXShellScriptBuildPhase;
			buildActionMask = 2147483647;
			files = (
			);
			inputPaths = (
			);
			name = "[CP] Copy Pods Resources";
			outputPaths = (
			);
			runOnlyForDeploymentPostprocessing = 0;
			shellPath = /bin/sh;
			shellScript = "\"${SRCROOT}/Pods/Target Support Files/Pods-watchOS App/Pods-watchOS App-resources.sh\"\n";
			showEnvVarsInLog = 0;
		};
		3B9528003BB3B6471E874123 /* [CP] Check Pods Manifest.lock */ = {
			isa = PBXShellScriptBuildPhase;
			buildActionMask = 2147483647;
			files = (
			);
			inputPaths = (
			);
			name = "[CP] Check Pods Manifest.lock";
			outputPaths = (
			);
			runOnlyForDeploymentPostprocessing = 0;
			shellPath = /bin/sh;
			shellScript = "diff \"${PODS_PODFILE_DIR_PATH}/Podfile.lock\" \"${PODS_ROOT}/Manifest.lock\" > /dev/null\nif [ $? != 0 ] ; then\n    # print error to STDERR\n    echo \"error: The sandbox is not in sync with the Podfile.lock. Run 'pod install' or update your CocoaPods installation.\" >&2\n    exit 1\nfi\n";
			showEnvVarsInLog = 0;
		};
		4152B4C3DCAA1C057A3212A0 /* [CP] Copy Pods Resources */ = {
			isa = PBXShellScriptBuildPhase;
			buildActionMask = 2147483647;
			files = (
			);
			inputPaths = (
			);
			name = "[CP] Copy Pods Resources";
			outputPaths = (
			);
			runOnlyForDeploymentPostprocessing = 0;
			shellPath = /bin/sh;
			shellScript = "\"${SRCROOT}/Pods/Target Support Files/Pods-watchOS Extension/Pods-watchOS Extension-resources.sh\"\n";
			showEnvVarsInLog = 0;
		};
		4D9E0E2558174CF94531B9E8 /* [CP] Copy Pods Resources */ = {
			isa = PBXShellScriptBuildPhase;
			buildActionMask = 2147483647;
			files = (
			);
			inputPaths = (
			);
			name = "[CP] Copy Pods Resources";
			outputPaths = (
			);
			runOnlyForDeploymentPostprocessing = 0;
			shellPath = /bin/sh;
			shellScript = "\"${SRCROOT}/Pods/Target Support Files/Pods-macOS/Pods-macOS-resources.sh\"\n";
			showEnvVarsInLog = 0;
		};
		4FD4BB7F009CFBF82E905241 /* [CP] Check Pods Manifest.lock */ = {
			isa = PBXShellScriptBuildPhase;
			buildActionMask = 2147483647;
			files = (
			);
			inputPaths = (
			);
			name = "[CP] Check Pods Manifest.lock";
			outputPaths = (
			);
			runOnlyForDeploymentPostprocessing = 0;
			shellPath = /bin/sh;
			shellScript = "diff \"${PODS_PODFILE_DIR_PATH}/Podfile.lock\" \"${PODS_ROOT}/Manifest.lock\" > /dev/null\nif [ $? != 0 ] ; then\n    # print error to STDERR\n    echo \"error: The sandbox is not in sync with the Podfile.lock. Run 'pod install' or update your CocoaPods installation.\" >&2\n    exit 1\nfi\n";
			showEnvVarsInLog = 0;
		};
		5C5E3977E510EE6A978A1148 /* [CP] Check Pods Manifest.lock */ = {
			isa = PBXShellScriptBuildPhase;
			buildActionMask = 2147483647;
			files = (
			);
			inputPaths = (
			);
			name = "[CP] Check Pods Manifest.lock";
			outputPaths = (
			);
			runOnlyForDeploymentPostprocessing = 0;
			shellPath = /bin/sh;
			shellScript = "diff \"${PODS_PODFILE_DIR_PATH}/Podfile.lock\" \"${PODS_ROOT}/Manifest.lock\" > /dev/null\nif [ $? != 0 ] ; then\n    # print error to STDERR\n    echo \"error: The sandbox is not in sync with the Podfile.lock. Run 'pod install' or update your CocoaPods installation.\" >&2\n    exit 1\nfi\n";
			showEnvVarsInLog = 0;
		};
		7D4A526B2BECE8CD12D45747 /* [CP] Embed Pods Frameworks */ = {
			isa = PBXShellScriptBuildPhase;
			buildActionMask = 2147483647;
			files = (
			);
			inputPaths = (
			);
			name = "[CP] Embed Pods Frameworks";
			outputPaths = (
			);
			runOnlyForDeploymentPostprocessing = 0;
			shellPath = /bin/sh;
			shellScript = "\"${SRCROOT}/Pods/Target Support Files/Pods-tvOS/Pods-tvOS-frameworks.sh\"\n";
			showEnvVarsInLog = 0;
		};
		8CD0AD14FE880DE054D7DA2F /* [CP] Embed Pods Frameworks */ = {
			isa = PBXShellScriptBuildPhase;
			buildActionMask = 2147483647;
			files = (
			);
			inputPaths = (
			);
			name = "[CP] Embed Pods Frameworks";
			outputPaths = (
			);
			runOnlyForDeploymentPostprocessing = 0;
			shellPath = /bin/sh;
			shellScript = "\"${SRCROOT}/Pods/Target Support Files/Pods-macOS/Pods-macOS-frameworks.sh\"\n";
			showEnvVarsInLog = 0;
		};
		BDD18AD7AA4FE37C7492752F /* [CP] Copy Pods Resources */ = {
			isa = PBXShellScriptBuildPhase;
			buildActionMask = 2147483647;
			files = (
			);
			inputPaths = (
			);
			name = "[CP] Copy Pods Resources";
			outputPaths = (
			);
			runOnlyForDeploymentPostprocessing = 0;
			shellPath = /bin/sh;
			shellScript = "\"${SRCROOT}/Pods/Target Support Files/Pods-iOS/Pods-iOS-resources.sh\"\n";
			showEnvVarsInLog = 0;
		};
		C04E1EAC598F1421B92A5E56 /* [CP] Embed Pods Frameworks */ = {
			isa = PBXShellScriptBuildPhase;
			buildActionMask = 2147483647;
			files = (
			);
			inputPaths = (
			);
			name = "[CP] Embed Pods Frameworks";
			outputPaths = (
			);
			runOnlyForDeploymentPostprocessing = 0;
			shellPath = /bin/sh;
			shellScript = "\"${SRCROOT}/Pods/Target Support Files/Pods-watchOS Extension/Pods-watchOS Extension-frameworks.sh\"\n";
			showEnvVarsInLog = 0;
		};
		D4735BE2B75F3A437EA29DA1 /* [CP] Copy Pods Resources */ = {
			isa = PBXShellScriptBuildPhase;
			buildActionMask = 2147483647;
			files = (
			);
			inputPaths = (
			);
			name = "[CP] Copy Pods Resources";
			outputPaths = (
			);
			runOnlyForDeploymentPostprocessing = 0;
			shellPath = /bin/sh;
			shellScript = "\"${SRCROOT}/Pods/Target Support Files/Pods-tvOS/Pods-tvOS-resources.sh\"\n";
			showEnvVarsInLog = 0;
		};
		D82688B54AA49FE6E603FDB5 /* [CP] Check Pods Manifest.lock */ = {
			isa = PBXShellScriptBuildPhase;
			buildActionMask = 2147483647;
			files = (
			);
			inputPaths = (
			);
			name = "[CP] Check Pods Manifest.lock";
			outputPaths = (
			);
			runOnlyForDeploymentPostprocessing = 0;
			shellPath = /bin/sh;
			shellScript = "diff \"${PODS_PODFILE_DIR_PATH}/Podfile.lock\" \"${PODS_ROOT}/Manifest.lock\" > /dev/null\nif [ $? != 0 ] ; then\n    # print error to STDERR\n    echo \"error: The sandbox is not in sync with the Podfile.lock. Run 'pod install' or update your CocoaPods installation.\" >&2\n    exit 1\nfi\n";
			showEnvVarsInLog = 0;
		};
/* End PBXShellScriptBuildPhase section */

/* Begin PBXSourcesBuildPhase section */
		304C8D8C1EDCAE3800DC5B95 /* Sources */ = {
			isa = PBXSourcesBuildPhase;
			buildActionMask = 2147483647;
			files = (
				304C8DDA1EDCAE3800DC5B95 /* GameScene.swift in Sources */,
				304C8D961EDCAE3800DC5B95 /* GameViewController.swift in Sources */,
				304C8D941EDCAE3800DC5B95 /* AppDelegate.swift in Sources */,
			);
			runOnlyForDeploymentPostprocessing = 0;
		};
		304C8DA91EDCAE3800DC5B95 /* Sources */ = {
			isa = PBXSourcesBuildPhase;
			buildActionMask = 2147483647;
			files = (
				304C8DDB1EDCAE3800DC5B95 /* GameScene.swift in Sources */,
				304C8DB51EDCAE3800DC5B95 /* ExtensionDelegate.swift in Sources */,
				304C8DB31EDCAE3800DC5B95 /* InterfaceController.swift in Sources */,
			);
			runOnlyForDeploymentPostprocessing = 0;
		};
		304C8DB71EDCAE3800DC5B95 /* Sources */ = {
			isa = PBXSourcesBuildPhase;
			buildActionMask = 2147483647;
			files = (
				304C8DDC1EDCAE3800DC5B95 /* GameScene.swift in Sources */,
				304C8DC01EDCAE3800DC5B95 /* GameViewController.swift in Sources */,
				304C8DBE1EDCAE3800DC5B95 /* AppDelegate.swift in Sources */,
			);
			runOnlyForDeploymentPostprocessing = 0;
		};
		304C8DC51EDCAE3800DC5B95 /* Sources */ = {
			isa = PBXSourcesBuildPhase;
			buildActionMask = 2147483647;
			files = (
				304C8DDD1EDCAE3800DC5B95 /* GameScene.swift in Sources */,
				304C8DCE1EDCAE3800DC5B95 /* GameViewController.swift in Sources */,
				304C8DCC1EDCAE3800DC5B95 /* AppDelegate.swift in Sources */,
			);
			runOnlyForDeploymentPostprocessing = 0;
		};
/* End PBXSourcesBuildPhase section */

/* Begin PBXTargetDependency section */
		304C8DA31EDCAE3800DC5B95 /* PBXTargetDependency */ = {
			isa = PBXTargetDependency;
			target = 304C8D9F1EDCAE3800DC5B95 /* watchOS App */;
			targetProxy = 304C8DA21EDCAE3800DC5B95 /* PBXContainerItemProxy */;
		};
		304C8DB01EDCAE3800DC5B95 /* PBXTargetDependency */ = {
			isa = PBXTargetDependency;
			target = 304C8DAC1EDCAE3800DC5B95 /* watchOS Extension */;
			targetProxy = 304C8DAF1EDCAE3800DC5B95 /* PBXContainerItemProxy */;
		};
/* End PBXTargetDependency section */

/* Begin PBXVariantGroup section */
		304C8D971EDCAE3800DC5B95 /* Main.storyboard */ = {
			isa = PBXVariantGroup;
			children = (
				304C8D981EDCAE3800DC5B95 /* Base */,
			);
			name = Main.storyboard;
			sourceTree = "<group>";
		};
		304C8D9A1EDCAE3800DC5B95 /* LaunchScreen.storyboard */ = {
			isa = PBXVariantGroup;
			children = (
				304C8D9B1EDCAE3800DC5B95 /* Base */,
			);
			name = LaunchScreen.storyboard;
			sourceTree = "<group>";
		};
		304C8DA51EDCAE3800DC5B95 /* Interface.storyboard */ = {
			isa = PBXVariantGroup;
			children = (
				304C8DA61EDCAE3800DC5B95 /* Base */,
			);
			name = Interface.storyboard;
			sourceTree = "<group>";
		};
		304C8DC11EDCAE3800DC5B95 /* Main.storyboard */ = {
			isa = PBXVariantGroup;
			children = (
				304C8DC21EDCAE3800DC5B95 /* Base */,
			);
			name = Main.storyboard;
			sourceTree = "<group>";
		};
		304C8DCF1EDCAE3800DC5B95 /* Main.storyboard */ = {
			isa = PBXVariantGroup;
			children = (
				304C8DD01EDCAE3800DC5B95 /* Base */,
			);
			name = Main.storyboard;
			sourceTree = "<group>";
		};
/* End PBXVariantGroup section */

/* Begin XCBuildConfiguration section */
		304C8DE21EDCAE3800DC5B95 /* Debug */ = {
			isa = XCBuildConfiguration;
			buildSettings = {
				ALWAYS_SEARCH_USER_PATHS = NO;
				CLANG_ANALYZER_NONNULL = YES;
				CLANG_ANALYZER_NUMBER_OBJECT_CONVERSION = YES_AGGRESSIVE;
				CLANG_CXX_LANGUAGE_STANDARD = "gnu++0x";
				CLANG_CXX_LIBRARY = "libc++";
				CLANG_ENABLE_MODULES = YES;
				CLANG_ENABLE_OBJC_ARC = YES;
				CLANG_WARN_BOOL_CONVERSION = YES;
				CLANG_WARN_CONSTANT_CONVERSION = YES;
				CLANG_WARN_DIRECT_OBJC_ISA_USAGE = YES_ERROR;
				CLANG_WARN_DOCUMENTATION_COMMENTS = YES;
				CLANG_WARN_EMPTY_BODY = YES;
				CLANG_WARN_ENUM_CONVERSION = YES;
				CLANG_WARN_INFINITE_RECURSION = YES;
				CLANG_WARN_INT_CONVERSION = YES;
				CLANG_WARN_OBJC_ROOT_CLASS = YES_ERROR;
				CLANG_WARN_SUSPICIOUS_MOVE = YES;
				CLANG_WARN_UNREACHABLE_CODE = YES;
				CLANG_WARN__DUPLICATE_METHOD_MATCH = YES;
				COPY_PHASE_STRIP = NO;
				DEBUG_INFORMATION_FORMAT = dwarf;
				ENABLE_STRICT_OBJC_MSGSEND = YES;
				ENABLE_TESTABILITY = YES;
				GCC_C_LANGUAGE_STANDARD = gnu99;
				GCC_DYNAMIC_NO_PIC = NO;
				GCC_NO_COMMON_BLOCKS = YES;
				GCC_OPTIMIZATION_LEVEL = 0;
				GCC_PREPROCESSOR_DEFINITIONS = (
					"DEBUG=1",
					"$(inherited)",
				);
				GCC_WARN_64_TO_32_BIT_CONVERSION = YES;
				GCC_WARN_ABOUT_RETURN_TYPE = YES_ERROR;
				GCC_WARN_UNDECLARED_SELECTOR = YES;
				GCC_WARN_UNINITIALIZED_AUTOS = YES_AGGRESSIVE;
				GCC_WARN_UNUSED_FUNCTION = YES;
				GCC_WARN_UNUSED_VARIABLE = YES;
				MTL_ENABLE_DEBUG_INFO = YES;
				ONLY_ACTIVE_ARCH = YES;
				SWIFT_ACTIVE_COMPILATION_CONDITIONS = DEBUG;
				SWIFT_OPTIMIZATION_LEVEL = "-Onone";
			};
			name = Debug;
		};
		304C8DE31EDCAE3800DC5B95 /* Release */ = {
			isa = XCBuildConfiguration;
			buildSettings = {
				ALWAYS_SEARCH_USER_PATHS = NO;
				CLANG_ANALYZER_NONNULL = YES;
				CLANG_ANALYZER_NUMBER_OBJECT_CONVERSION = YES_AGGRESSIVE;
				CLANG_CXX_LANGUAGE_STANDARD = "gnu++0x";
				CLANG_CXX_LIBRARY = "libc++";
				CLANG_ENABLE_MODULES = YES;
				CLANG_ENABLE_OBJC_ARC = YES;
				CLANG_WARN_BOOL_CONVERSION = YES;
				CLANG_WARN_CONSTANT_CONVERSION = YES;
				CLANG_WARN_DIRECT_OBJC_ISA_USAGE = YES_ERROR;
				CLANG_WARN_DOCUMENTATION_COMMENTS = YES;
				CLANG_WARN_EMPTY_BODY = YES;
				CLANG_WARN_ENUM_CONVERSION = YES;
				CLANG_WARN_INFINITE_RECURSION = YES;
				CLANG_WARN_INT_CONVERSION = YES;
				CLANG_WARN_OBJC_ROOT_CLASS = YES_ERROR;
				CLANG_WARN_SUSPICIOUS_MOVE = YES;
				CLANG_WARN_UNREACHABLE_CODE = YES;
				CLANG_WARN__DUPLICATE_METHOD_MATCH = YES;
				COPY_PHASE_STRIP = NO;
				DEBUG_INFORMATION_FORMAT = "dwarf-with-dsym";
				ENABLE_NS_ASSERTIONS = NO;
				ENABLE_STRICT_OBJC_MSGSEND = YES;
				GCC_C_LANGUAGE_STANDARD = gnu99;
				GCC_NO_COMMON_BLOCKS = YES;
				GCC_WARN_64_TO_32_BIT_CONVERSION = YES;
				GCC_WARN_ABOUT_RETURN_TYPE = YES_ERROR;
				GCC_WARN_UNDECLARED_SELECTOR = YES;
				GCC_WARN_UNINITIALIZED_AUTOS = YES_AGGRESSIVE;
				GCC_WARN_UNUSED_FUNCTION = YES;
				GCC_WARN_UNUSED_VARIABLE = YES;
				MTL_ENABLE_DEBUG_INFO = NO;
				SWIFT_OPTIMIZATION_LEVEL = "-Owholemodule";
			};
			name = Release;
		};
		304C8DE51EDCAE3800DC5B95 /* Debug */ = {
			isa = XCBuildConfiguration;
			baseConfigurationReference = 56F2383B2E2D307DADE0B87F /* Pods-watchOS Extension.debug.xcconfig */;
			buildSettings = {
				INFOPLIST_FILE = "watchOS Extension/Info.plist";
				LD_RUNPATH_SEARCH_PATHS = "$(inherited) @executable_path/Frameworks @executable_path/../../Frameworks";
				PRODUCT_BUNDLE_IDENTIFIER = com.adamanderic.Monsters.watchkitapp.watchkitextension;
				PRODUCT_NAME = "Monsters Extension";
				SDKROOT = watchos;
				SKIP_INSTALL = YES;
				SWIFT_VERSION = 3.0;
				WATCHOS_DEPLOYMENT_TARGET = 3.2;
			};
			name = Debug;
		};
		304C8DE61EDCAE3800DC5B95 /* Release */ = {
			isa = XCBuildConfiguration;
			baseConfigurationReference = BDEF62A3118BBD97E76A40D9 /* Pods-watchOS Extension.release.xcconfig */;
			buildSettings = {
				INFOPLIST_FILE = "watchOS Extension/Info.plist";
				LD_RUNPATH_SEARCH_PATHS = "$(inherited) @executable_path/Frameworks @executable_path/../../Frameworks";
				PRODUCT_BUNDLE_IDENTIFIER = com.adamanderic.Monsters.watchkitapp.watchkitextension;
				PRODUCT_NAME = "Monsters Extension";
				SDKROOT = watchos;
				SKIP_INSTALL = YES;
				SWIFT_VERSION = 3.0;
				VALIDATE_PRODUCT = YES;
				WATCHOS_DEPLOYMENT_TARGET = 3.2;
			};
			name = Release;
		};
		304C8DE91EDCAE3800DC5B95 /* Debug */ = {
			isa = XCBuildConfiguration;
			baseConfigurationReference = 9FB1CB94FDDF16FB88FC2C9C /* Pods-watchOS App.debug.xcconfig */;
			buildSettings = {
				ALWAYS_EMBED_SWIFT_STANDARD_LIBRARIES = YES;
				ASSETCATALOG_COMPILER_APPICON_NAME = AppIcon;
				IBSC_MODULE = Monsters_Extension;
				INFOPLIST_FILE = "watchOS App/Info.plist";
				PRODUCT_BUNDLE_IDENTIFIER = com.adamanderic.Monsters.watchkitapp;
				PRODUCT_NAME = Monsters;
				SDKROOT = watchos;
				SKIP_INSTALL = YES;
				SWIFT_VERSION = 3.0;
				WATCHOS_DEPLOYMENT_TARGET = 3.2;
			};
			name = Debug;
		};
		304C8DEA1EDCAE3800DC5B95 /* Release */ = {
			isa = XCBuildConfiguration;
			baseConfigurationReference = CF6E953FF018C708234B7914 /* Pods-watchOS App.release.xcconfig */;
			buildSettings = {
				ALWAYS_EMBED_SWIFT_STANDARD_LIBRARIES = YES;
				ASSETCATALOG_COMPILER_APPICON_NAME = AppIcon;
				IBSC_MODULE = Monsters_Extension;
				INFOPLIST_FILE = "watchOS App/Info.plist";
				PRODUCT_BUNDLE_IDENTIFIER = com.adamanderic.Monsters.watchkitapp;
				PRODUCT_NAME = Monsters;
				SDKROOT = watchos;
				SKIP_INSTALL = YES;
				SWIFT_VERSION = 3.0;
				VALIDATE_PRODUCT = YES;
				WATCHOS_DEPLOYMENT_TARGET = 3.2;
			};
			name = Release;
		};
		304C8DED1EDCAE3800DC5B95 /* Debug */ = {
			isa = XCBuildConfiguration;
			baseConfigurationReference = 8CE72231B43A5233B47B019A /* Pods-iOS.debug.xcconfig */;
			buildSettings = {
				ASSETCATALOG_COMPILER_APPICON_NAME = AppIcon;
				"CODE_SIGN_IDENTITY[sdk=iphoneos*]" = "iPhone Developer";
				INFOPLIST_FILE = iOS/Info.plist;
				IPHONEOS_DEPLOYMENT_TARGET = 10.3;
				LD_RUNPATH_SEARCH_PATHS = "$(inherited) @executable_path/Frameworks";
				PRODUCT_BUNDLE_IDENTIFIER = com.adamanderic.Monsters;
				PRODUCT_NAME = Monsters;
				SDKROOT = iphoneos;
				SWIFT_VERSION = 3.0;
				TARGETED_DEVICE_FAMILY = "1,2";
			};
			name = Debug;
		};
		304C8DEE1EDCAE3800DC5B95 /* Release */ = {
			isa = XCBuildConfiguration;
			baseConfigurationReference = 4EA250C392520216DB035431 /* Pods-iOS.release.xcconfig */;
			buildSettings = {
				ASSETCATALOG_COMPILER_APPICON_NAME = AppIcon;
				"CODE_SIGN_IDENTITY[sdk=iphoneos*]" = "iPhone Developer";
				INFOPLIST_FILE = iOS/Info.plist;
				IPHONEOS_DEPLOYMENT_TARGET = 10.3;
				LD_RUNPATH_SEARCH_PATHS = "$(inherited) @executable_path/Frameworks";
				PRODUCT_BUNDLE_IDENTIFIER = com.adamanderic.Monsters;
				PRODUCT_NAME = Monsters;
				SDKROOT = iphoneos;
				SWIFT_VERSION = 3.0;
				TARGETED_DEVICE_FAMILY = "1,2";
				VALIDATE_PRODUCT = YES;
			};
			name = Release;
		};
		304C8DF01EDCAE3800DC5B95 /* Debug */ = {
			isa = XCBuildConfiguration;
			baseConfigurationReference = 1FAEF3DE1353517E905509F4 /* Pods-tvOS.debug.xcconfig */;
			buildSettings = {
				ASSETCATALOG_COMPILER_APPICON_NAME = "tvOS App Icon & Top Shelf Image";
				ASSETCATALOG_COMPILER_LAUNCHIMAGE_NAME = "tvOS LaunchImage";
				INFOPLIST_FILE = tvOS/Info.plist;
				LD_RUNPATH_SEARCH_PATHS = "$(inherited) @executable_path/Frameworks";
				PRODUCT_BUNDLE_IDENTIFIER = com.adamanderic.Monsters;
				PRODUCT_NAME = Monsters;
				SDKROOT = appletvos;
				SWIFT_VERSION = 3.0;
				TVOS_DEPLOYMENT_TARGET = 10.2;
			};
			name = Debug;
		};
		304C8DF11EDCAE3800DC5B95 /* Release */ = {
			isa = XCBuildConfiguration;
			baseConfigurationReference = 6D3EC480F40CAB2D2C5211F9 /* Pods-tvOS.release.xcconfig */;
			buildSettings = {
				ASSETCATALOG_COMPILER_APPICON_NAME = "tvOS App Icon & Top Shelf Image";
				ASSETCATALOG_COMPILER_LAUNCHIMAGE_NAME = "tvOS LaunchImage";
				INFOPLIST_FILE = tvOS/Info.plist;
				LD_RUNPATH_SEARCH_PATHS = "$(inherited) @executable_path/Frameworks";
				PRODUCT_BUNDLE_IDENTIFIER = com.adamanderic.Monsters;
				PRODUCT_NAME = Monsters;
				SDKROOT = appletvos;
				SWIFT_VERSION = 3.0;
				TVOS_DEPLOYMENT_TARGET = 10.2;
				VALIDATE_PRODUCT = YES;
			};
			name = Release;
		};
		304C8DF31EDCAE3800DC5B95 /* Debug */ = {
			isa = XCBuildConfiguration;
			baseConfigurationReference = 1D02A110B61345F63CC563A5 /* Pods-macOS.debug.xcconfig */;
			buildSettings = {
				ASSETCATALOG_COMPILER_APPICON_NAME = AppIcon;
				CODE_SIGN_IDENTITY = "-";
				COMBINE_HIDPI_IMAGES = YES;
				INFOPLIST_FILE = macOS/Info.plist;
				LD_RUNPATH_SEARCH_PATHS = "$(inherited) @executable_path/../Frameworks";
				MACOSX_DEPLOYMENT_TARGET = 10.12;
				PRODUCT_BUNDLE_IDENTIFIER = com.adamanderic.Monsters;
				PRODUCT_NAME = Monsters;
				SDKROOT = macosx;
				SWIFT_VERSION = 3.0;
			};
			name = Debug;
		};
		304C8DF41EDCAE3800DC5B95 /* Release */ = {
			isa = XCBuildConfiguration;
			baseConfigurationReference = 5DBAA9625B5E565805D5EBA0 /* Pods-macOS.release.xcconfig */;
			buildSettings = {
				ASSETCATALOG_COMPILER_APPICON_NAME = AppIcon;
				CODE_SIGN_IDENTITY = "-";
				COMBINE_HIDPI_IMAGES = YES;
				INFOPLIST_FILE = macOS/Info.plist;
				LD_RUNPATH_SEARCH_PATHS = "$(inherited) @executable_path/../Frameworks";
				MACOSX_DEPLOYMENT_TARGET = 10.12;
				PRODUCT_BUNDLE_IDENTIFIER = com.adamanderic.Monsters;
				PRODUCT_NAME = Monsters;
				SDKROOT = macosx;
				SWIFT_VERSION = 3.0;
			};
			name = Release;
		};
/* End XCBuildConfiguration section */

/* Begin XCConfigurationList section */
		304C8D861EDCAE3800DC5B95 /* Build configuration list for PBXProject "Monsters" */ = {
			isa = XCConfigurationList;
			buildConfigurations = (
				304C8DE21EDCAE3800DC5B95 /* Debug */,
				304C8DE31EDCAE3800DC5B95 /* Release */,
			);
			defaultConfigurationIsVisible = 0;
			defaultConfigurationName = Release;
		};
		304C8DE41EDCAE3800DC5B95 /* Build configuration list for PBXNativeTarget "watchOS Extension" */ = {
			isa = XCConfigurationList;
			buildConfigurations = (
				304C8DE51EDCAE3800DC5B95 /* Debug */,
				304C8DE61EDCAE3800DC5B95 /* Release */,
			);
			defaultConfigurationIsVisible = 0;
		};
		304C8DE81EDCAE3800DC5B95 /* Build configuration list for PBXNativeTarget "watchOS App" */ = {
			isa = XCConfigurationList;
			buildConfigurations = (
				304C8DE91EDCAE3800DC5B95 /* Debug */,
				304C8DEA1EDCAE3800DC5B95 /* Release */,
			);
			defaultConfigurationIsVisible = 0;
		};
		304C8DEC1EDCAE3800DC5B95 /* Build configuration list for PBXNativeTarget "iOS" */ = {
			isa = XCConfigurationList;
			buildConfigurations = (
				304C8DED1EDCAE3800DC5B95 /* Debug */,
				304C8DEE1EDCAE3800DC5B95 /* Release */,
			);
			defaultConfigurationIsVisible = 0;
		};
		304C8DEF1EDCAE3800DC5B95 /* Build configuration list for PBXNativeTarget "tvOS" */ = {
			isa = XCConfigurationList;
			buildConfigurations = (
				304C8DF01EDCAE3800DC5B95 /* Debug */,
				304C8DF11EDCAE3800DC5B95 /* Release */,
			);
			defaultConfigurationIsVisible = 0;
		};
		304C8DF21EDCAE3800DC5B95 /* Build configuration list for PBXNativeTarget "macOS" */ = {
			isa = XCConfigurationList;
			buildConfigurations = (
				304C8DF31EDCAE3800DC5B95 /* Debug */,
				304C8DF41EDCAE3800DC5B95 /* Release */,
			);
			defaultConfigurationIsVisible = 0;
		};
/* End XCConfigurationList section */
	};
	rootObject = 304C8D831EDCAE3800DC5B95 /* Project object */;
}
